
Microsoft Visual Studio Solution File, Format Version 12.00
# Visual Studio Version 16
VisualStudioVersion = 16.0.32510.428
MinimumVisualStudioVersion = 10.0.40219.1
Project("{FAE04EC0-301F-11D3-BF4B-00C04F79EFBC}") = "APIMacroTracking", "APIMacroTracking\APIMacroTracking.csproj", "{EB893175-11C5-43C2-AD6D-7FC02077774F}"
EndProject
Global
	GlobalSection(SolutionConfigurationPlatforms) = preSolution
		Debug|Any CPU = Debug|Any CPU
		Release|Any CPU = Release|Any CPU
	EndGlobalSection
	GlobalSection(ProjectConfigurationPlatforms) = postSolution
		{EB893175-11C5-43C2-AD6D-7FC02077774F}.Debug|Any CPU.ActiveCfg = Debug|Any CPU
		{EB893175-11C5-43C2-AD6D-7FC02077774F}.Debug|Any CPU.Build.0 = Debug|Any CPU
		{EB893175-11C5-43C2-AD6D-7FC02077774F}.Release|Any CPU.ActiveCfg = Release|Any CPU
		{EB893175-11C5-43C2-AD6D-7FC02077774F}.Release|Any CPU.Build.0 = Release|Any CPU
	EndGlobalSection
	GlobalSection(SolutionProperties) = preSolution
		HideSolutionNode = FALSE
	EndGlobalSection
	GlobalSection(ExtensibilityGlobals) = postSolution
		SolutionGuid = {5A5AF7C9-FB10-4E94-A1C7-01A386070442}
	EndGlobalSection
EndGlobal
